
Microsoft Visual Studio Solution File, Format Version 12.00
# Visual Studio 15
VisualStudioVersion = 15.0.26730.12
MinimumVisualStudioVersion = 10.0.40219.1
Project("{FAE04EC0-301F-11D3-BF4B-00C04F79EFBC}") = "FMLSale", "FMLSale\FMLSale.csproj", "{B564CBEB-1FC9-4680-A114-02F95EF293F0}"
EndProject
Project("{FAE04EC0-301F-11D3-BF4B-00C04F79EFBC}") = "FMLStorage", "FMLStorage\FMLStorage.csproj", "{30BA766F-8990-49DB-9AB5-0D49076BE266}"
EndProject
Project("{FAE04EC0-301F-11D3-BF4B-00C04F79EFBC}") = "FML.BusinessLayer", "FML.BusinessLayer\FML.BusinessLayer.csproj", "{2D7ABE5C-9F37-42AB-BD8C-7C94635EEECC}"
EndProject
Project("{FAE04EC0-301F-11D3-BF4B-00C04F79EFBC}") = "FML.DBLayer", "FML.DBLayer\FML.DBLayer.csproj", "{D8E80864-0A6E-4EED-8F8B-71E1B7F9760B}"
EndProject
Project("{FAE04EC0-301F-11D3-BF4B-00C04F79EFBC}") = "FML.Models", "FML.Models\FML.Models.csproj", "{6C4200FA-9015-4C9E-8CB2-8C9CD46CA25E}"
EndProject
Global
	GlobalSection(SolutionConfigurationPlatforms) = preSolution
		Debug|Any CPU = Debug|Any CPU
		Release|Any CPU = Release|Any CPU
	EndGlobalSection
	GlobalSection(ProjectConfigurationPlatforms) = postSolution
		{B564CBEB-1FC9-4680-A114-02F95EF293F0}.Debug|Any CPU.ActiveCfg = Debug|Any CPU
		{B564CBEB-1FC9-4680-A114-02F95EF293F0}.Debug|Any CPU.Build.0 = Debug|Any CPU
		{B564CBEB-1FC9-4680-A114-02F95EF293F0}.Release|Any CPU.ActiveCfg = Release|Any CPU
		{B564CBEB-1FC9-4680-A114-02F95EF293F0}.Release|Any CPU.Build.0 = Release|Any CPU
		{30BA766F-8990-49DB-9AB5-0D49076BE266}.Debug|Any CPU.ActiveCfg = Debug|Any CPU
		{30BA766F-8990-49DB-9AB5-0D49076BE266}.Debug|Any CPU.Build.0 = Debug|Any CPU
		{30BA766F-8990-49DB-9AB5-0D49076BE266}.Release|Any CPU.ActiveCfg = Release|Any CPU
		{30BA766F-8990-49DB-9AB5-0D49076BE266}.Release|Any CPU.Build.0 = Release|Any CPU
		{2D7ABE5C-9F37-42AB-BD8C-7C94635EEECC}.Debug|Any CPU.ActiveCfg = Debug|Any CPU
		{2D7ABE5C-9F37-42AB-BD8C-7C94635EEECC}.Debug|Any CPU.Build.0 = Debug|Any CPU
		{2D7ABE5C-9F37-42AB-BD8C-7C94635EEECC}.Release|Any CPU.ActiveCfg = Release|Any CPU
		{2D7ABE5C-9F37-42AB-BD8C-7C94635EEECC}.Release|Any CPU.Build.0 = Release|Any CPU
		{D8E80864-0A6E-4EED-8F8B-71E1B7F9760B}.Debug|Any CPU.ActiveCfg = Debug|Any CPU
		{D8E80864-0A6E-4EED-8F8B-71E1B7F9760B}.Debug|Any CPU.Build.0 = Debug|Any CPU
		{D8E80864-0A6E-4EED-8F8B-71E1B7F9760B}.Release|Any CPU.ActiveCfg = Release|Any CPU
		{D8E80864-0A6E-4EED-8F8B-71E1B7F9760B}.Release|Any CPU.Build.0 = Release|Any CPU
		{6C4200FA-9015-4C9E-8CB2-8C9CD46CA25E}.Debug|Any CPU.ActiveCfg = Debug|Any CPU
		{6C4200FA-9015-4C9E-8CB2-8C9CD46CA25E}.Debug|Any CPU.Build.0 = Debug|Any CPU
		{6C4200FA-9015-4C9E-8CB2-8C9CD46CA25E}.Release|Any CPU.ActiveCfg = Release|Any CPU
		{6C4200FA-9015-4C9E-8CB2-8C9CD46CA25E}.Release|Any CPU.Build.0 = Release|Any CPU
	EndGlobalSection
	GlobalSection(SolutionProperties) = preSolution
		HideSolutionNode = FALSE
	EndGlobalSection
	GlobalSection(ExtensibilityGlobals) = postSolution
		SolutionGuid = {15299075-D3E7-432E-A08E-FA2AC43873CA}
	EndGlobalSection
EndGlobal
